
Microsoft Visual Studio Solution File, Format Version 12.00
# Visual Studio 14
VisualStudioVersion = 14.0.24720.0
MinimumVisualStudioVersion = 10.0.40219.1
Project("{FAE04EC0-301F-11D3-BF4B-00C04F79EFBC}") = "Map2Civ", "Map2Civ\Map2Civ.csproj", "{9207AED0-01DC-415E-A874-DCDADBDF86B4}"
EndProject
Project("{FAE04EC0-301F-11D3-BF4B-00C04F79EFBC}") = "POC_Tests", "POC_Tests\POC_Tests.csproj", "{947A106D-7F1B-4FEF-90A7-7A87B0F42147}"
EndProject
Global
	GlobalSection(SolutionConfigurationPlatforms) = preSolution
		Debug|Any CPU = Debug|Any CPU
		Release|Any CPU = Release|Any CPU
	EndGlobalSection
	GlobalSection(ProjectConfigurationPlatforms) = postSolution
		{9207AED0-01DC-415E-A874-DCDADBDF86B4}.Debug|Any CPU.ActiveCfg = Debug|Any CPU
		{9207AED0-01DC-415E-A874-DCDADBDF86B4}.Debug|Any CPU.Build.0 = Debug|Any CPU
		{9207AED0-01DC-415E-A874-DCDADBDF86B4}.Release|Any CPU.ActiveCfg = Release|Any CPU
		{9207AED0-01DC-415E-A874-DCDADBDF86B4}.Release|Any CPU.Build.0 = Release|Any CPU
		{947A106D-7F1B-4FEF-90A7-7A87B0F42147}.Debug|Any CPU.ActiveCfg = Debug|Any CPU
		{947A106D-7F1B-4FEF-90A7-7A87B0F42147}.Debug|Any CPU.Build.0 = Debug|Any CPU
		{947A106D-7F1B-4FEF-90A7-7A87B0F42147}.Release|Any CPU.ActiveCfg = Release|Any CPU
		{947A106D-7F1B-4FEF-90A7-7A87B0F42147}.Release|Any CPU.Build.0 = Release|Any CPU
	EndGlobalSection
	GlobalSection(SolutionProperties) = preSolution
		HideSolutionNode = FALSE
	EndGlobalSection
EndGlobal
